
Microsoft Visual Studio Solution File, Format Version 12.00
# Visual Studio Version 17
VisualStudioVersion = 17.4.33103.184
MinimumVisualStudioVersion = 10.0.40219.1
Project("{FAE04EC0-301F-11D3-BF4B-00C04F79EFBC}") = "House", "House\House.csproj", "{EFACC214-E7C1-4F02-84F5-F41FD9F45837}"
EndProject
Global
	GlobalSection(SolutionConfigurationPlatforms) = preSolution
		Debug|Any CPU = Debug|Any CPU
		Release|Any CPU = Release|Any CPU
	EndGlobalSection
	GlobalSection(ProjectConfigurationPlatforms) = postSolution
		{EFACC214-E7C1-4F02-84F5-F41FD9F45837}.Debug|Any CPU.ActiveCfg = Debug|Any CPU
		{EFACC214-E7C1-4F02-84F5-F41FD9F45837}.Debug|Any CPU.Build.0 = Debug|Any CPU
		{EFACC214-E7C1-4F02-84F5-F41FD9F45837}.Release|Any CPU.ActiveCfg = Release|Any CPU
		{EFACC214-E7C1-4F02-84F5-F41FD9F45837}.Release|Any CPU.Build.0 = Release|Any CPU
	EndGlobalSection
	GlobalSection(SolutionProperties) = preSolution
		HideSolutionNode = FALSE
	EndGlobalSection
	GlobalSection(ExtensibilityGlobals) = postSolution
		SolutionGuid = {8B512D82-C2EF-4CDD-B294-0C5FC02DB0BB}
	EndGlobalSection
EndGlobal
